
Microsoft Visual Studio Solution File, Format Version 12.00
# Visual Studio Version 16
VisualStudioVersion = 16.0.28516.95
MinimumVisualStudioVersion = 10.0.40219.1
Project("{9A19103F-16F7-4668-BE54-9A1E7A4F7556}") = "CleanArchitectureTemplate.Domain", "CleanArchitectureTemplate.Domain\CleanArchitectureTemplate.Domain.csproj", "{E258E19D-33CB-4F01-BC99-71E139EDDC55}"
EndProject
Project("{9A19103F-16F7-4668-BE54-9A1E7A4F7556}") = "CleanArchitectureTemplate.Application", "CleanArchitectureTemplate.Application\CleanArchitectureTemplate.Application.csproj", "{F21CA8DB-1A03-4714-B1CC-294FEA3B6C58}"
EndProject
Project("{9A19103F-16F7-4668-BE54-9A1E7A4F7556}") = "CleanArchitectureTemplate.Infrastructure", "CleanArchitectureTemplate.Infrastructure\CleanArchitectureTemplate.Infrastructure.csproj", "{667883FE-7696-429E-9777-C3255F47315B}"
EndProject
Project("{9A19103F-16F7-4668-BE54-9A1E7A4F7556}") = "CleanArchitectureTemplate.UnitTests", "CleanArchitectureTemplate.UnitTests\CleanArchitectureTemplate.UnitTests.csproj", "{3BA4652B-20F8-4E18-841D-29A76AD24CC5}"
EndProject
Project("{9A19103F-16F7-4668-BE54-9A1E7A4F7556}") = "CleanArchitectureTemplate.IntegrationTests", "CleanArchitectureTemplate.IntegrationTests\CleanArchitectureTemplate.IntegrationTests.csproj", "{6399EBA6-BDC5-40B6-8E59-50A0DA1E473F}"
EndProject
Project("{9A19103F-16F7-4668-BE54-9A1E7A4F7556}") = "CleanArchitectureTemplate.Api", "CleanArchitectureTemplate.Api\CleanArchitectureTemplate.Api.csproj", "{ADC74FDB-BCFD-472C-A73B-8DDF9029FCA6}"
EndProject
Project("{9A19103F-16F7-4668-BE54-9A1E7A4F7556}") = "CleanArchitectureTemplate.Web", "CleanArchitectureTemplate.Web\CleanArchitectureTemplate.Web.csproj", "{4278265C-7259-4A60-ACD8-C41C20F2D604}"
EndProject
Project("{2150E333-8FDC-42A3-9474-1A3956D46DE8}") = "Solution Items", "Solution Items", "{63ABEAD0-4F67-42F9-8A4E-0F9841D68282}"
	ProjectSection(SolutionItems) = preProject
		..\appveyor.yml = ..\appveyor.yml
		..\JacobsApps.CleanArchitectureProjectTemplate.CSharp.nuspec = ..\JacobsApps.CleanArchitectureProjectTemplate.CSharp.nuspec
		..\README.md = ..\README.md
	EndProjectSection
EndProject
Global
	GlobalSection(SolutionConfigurationPlatforms) = preSolution
		Debug|Any CPU = Debug|Any CPU
		Release|Any CPU = Release|Any CPU
	EndGlobalSection
	GlobalSection(ProjectConfigurationPlatforms) = postSolution
		{E258E19D-33CB-4F01-BC99-71E139EDDC55}.Debug|Any CPU.ActiveCfg = Debug|Any CPU
		{E258E19D-33CB-4F01-BC99-71E139EDDC55}.Debug|Any CPU.Build.0 = Debug|Any CPU
		{E258E19D-33CB-4F01-BC99-71E139EDDC55}.Release|Any CPU.ActiveCfg = Release|Any CPU
		{E258E19D-33CB-4F01-BC99-71E139EDDC55}.Release|Any CPU.Build.0 = Release|Any CPU
		{F21CA8DB-1A03-4714-B1CC-294FEA3B6C58}.Debug|Any CPU.ActiveCfg = Debug|Any CPU
		{F21CA8DB-1A03-4714-B1CC-294FEA3B6C58}.Debug|Any CPU.Build.0 = Debug|Any CPU
		{F21CA8DB-1A03-4714-B1CC-294FEA3B6C58}.Release|Any CPU.ActiveCfg = Release|Any CPU
		{F21CA8DB-1A03-4714-B1CC-294FEA3B6C58}.Release|Any CPU.Build.0 = Release|Any CPU
		{667883FE-7696-429E-9777-C3255F47315B}.Debug|Any CPU.ActiveCfg = Debug|Any CPU
		{667883FE-7696-429E-9777-C3255F47315B}.Debug|Any CPU.Build.0 = Debug|Any CPU
		{667883FE-7696-429E-9777-C3255F47315B}.Release|Any CPU.ActiveCfg = Release|Any CPU
		{667883FE-7696-429E-9777-C3255F47315B}.Release|Any CPU.Build.0 = Release|Any CPU
		{3BA4652B-20F8-4E18-841D-29A76AD24CC5}.Debug|Any CPU.ActiveCfg = Debug|Any CPU
		{3BA4652B-20F8-4E18-841D-29A76AD24CC5}.Debug|Any CPU.Build.0 = Debug|Any CPU
		{3BA4652B-20F8-4E18-841D-29A76AD24CC5}.Release|Any CPU.ActiveCfg = Release|Any CPU
		{3BA4652B-20F8-4E18-841D-29A76AD24CC5}.Release|Any CPU.Build.0 = Release|Any CPU
		{6399EBA6-BDC5-40B6-8E59-50A0DA1E473F}.Debug|Any CPU.ActiveCfg = Debug|Any CPU
		{6399EBA6-BDC5-40B6-8E59-50A0DA1E473F}.Debug|Any CPU.Build.0 = Debug|Any CPU
		{6399EBA6-BDC5-40B6-8E59-50A0DA1E473F}.Release|Any CPU.ActiveCfg = Release|Any CPU
		{6399EBA6-BDC5-40B6-8E59-50A0DA1E473F}.Release|Any CPU.Build.0 = Release|Any CPU
		{ADC74FDB-BCFD-472C-A73B-8DDF9029FCA6}.Debug|Any CPU.ActiveCfg = Debug|Any CPU
		{ADC74FDB-BCFD-472C-A73B-8DDF9029FCA6}.Debug|Any CPU.Build.0 = Debug|Any CPU
		{ADC74FDB-BCFD-472C-A73B-8DDF9029FCA6}.Release|Any CPU.ActiveCfg = Release|Any CPU
		{ADC74FDB-BCFD-472C-A73B-8DDF9029FCA6}.Release|Any CPU.Build.0 = Release|Any CPU
		{4278265C-7259-4A60-ACD8-C41C20F2D604}.Debug|Any CPU.ActiveCfg = Debug|Any CPU
		{4278265C-7259-4A60-ACD8-C41C20F2D604}.Debug|Any CPU.Build.0 = Debug|Any CPU
		{4278265C-7259-4A60-ACD8-C41C20F2D604}.Release|Any CPU.ActiveCfg = Release|Any CPU
		{4278265C-7259-4A60-ACD8-C41C20F2D604}.Release|Any CPU.Build.0 = Release|Any CPU
	EndGlobalSection
	GlobalSection(SolutionProperties) = preSolution
		HideSolutionNode = FALSE
	EndGlobalSection
	GlobalSection(ExtensibilityGlobals) = postSolution
		SolutionGuid = {2C506714-1C1D-48F0-A8E9-9E1E24269004}
	EndGlobalSection
EndGlobal
